<Solution>
  <Folder Name="/01_Provision/">
    <Project Path="GMN.Provision/GMN.Provision.vbproj" Id="c6fa8cf7-236b-41db-9763-4e30f33c84de" />
    <Project Path="TGGD.Provision/TGGD.Provision.vbproj" Id="9ee01a7a-3b3d-481f-8185-175ce81b9fe9" />
  </Folder>
  <Folder Name="/02_Persistence/">
    <Project Path="GMN.Persistence/GMN.Persistence.vbproj" Id="e96cc1f6-9be0-4837-b642-dae8397cdb5f" />
    <Project Path="TGGD.Persistence/TGGD.Persistence.vbproj" Id="89c4e140-ebfe-40da-9386-fbabd333040b" />
  </Folder>
  <Folder Name="/03_Processing/">
    <Project Path="GMN.Processing/GMN.Processing.vbproj" Id="0610f50c-50c9-407a-a0df-34197697562e" />
    <Project Path="TGGD.Processing/TGGD.Processing.vbproj" Id="83b62062-917b-4da5-b1c7-0aeaae17254d" />
  </Folder>
  <Folder Name="/04_Presentation/">
    <Project Path="GMN.Presentation/GMN.Presentation.vbproj" Id="92d5984c-1225-452b-8b6a-4e2b8c4b21c5" />
    <Project Path="TGGD.Presentation/TGGD.Presentation.vbproj" Id="057e3ef3-f5ee-470b-a0e5-528e52ee207c" />
  </Folder>
  <Folder Name="/05_Platform/">
    <Project Path="GMN.Platform/GMN.Platform.vbproj" Id="d518f476-b969-46a9-af18-3516158e572c" />
    <Project Path="TGGD.Platform/TGGD.Platform.vbproj" Id="c9ee3578-1289-4864-ad74-6570b8d71b59" />
  </Folder>
  <Folder Name="/_STUFF/">
    <File Path="../README.md" />
  </Folder>
  <Project Path="GMN.Blazor/GMN.Blazor.csproj" Id="081e2bb7-f034-4fdf-aded-45a6f6bc21b0" />
  <Project Path="GMN.Spectre/GMN.Spectre.vbproj" Id="cfdda54e-880a-4322-aab5-05da3458796b" />
</Solution>
